
Microsoft Visual Studio Solution File, Format Version 12.00
# Visual Studio Version 17
VisualStudioVersion = 17.10.35122.118
MinimumVisualStudioVersion = 10.0.40219.1
Project("{FAE04EC0-301F-11D3-BF4B-00C04F79EFBC}") = "WebApplication06-eVisa", "WebApplication06-eVisa.csproj", "{7C863FEF-B527-4115-902F-FF93D0CBB485}"
EndProject
Global
	GlobalSection(SolutionConfigurationPlatforms) = preSolution
		Debug|Any CPU = Debug|Any CPU
		Release|Any CPU = Release|Any CPU
	EndGlobalSection
	GlobalSection(ProjectConfigurationPlatforms) = postSolution
		{7C863FEF-B527-4115-902F-FF93D0CBB485}.Debug|Any CPU.ActiveCfg = Debug|Any CPU
		{7C863FEF-B527-4115-902F-FF93D0CBB485}.Debug|Any CPU.Build.0 = Debug|Any CPU
		{7C863FEF-B527-4115-902F-FF93D0CBB485}.Release|Any CPU.ActiveCfg = Release|Any CPU
		{7C863FEF-B527-4115-902F-FF93D0CBB485}.Release|Any CPU.Build.0 = Release|Any CPU
	EndGlobalSection
	GlobalSection(SolutionProperties) = preSolution
		HideSolutionNode = FALSE
	EndGlobalSection
	GlobalSection(ExtensibilityGlobals) = postSolution
		SolutionGuid = {10A9265A-7CEE-47B6-ADDE-540100B81228}
	EndGlobalSection
EndGlobal
